// !$*UTF8*$!
{
	archiveVersion = 1;
	classes = {
	};
	objectVersion = 56;
	objects = {

/* Begin PBXBuildFile section */
		8A0A3ED528787FAD00BC7F51 /* ThisDataLayer in Frameworks */ = {isa = PBXBuildFile; productRef = 8A0A3ED428787FAD00BC7F51 /* ThisDataLayer */; };
		8A2984872874855400A59454 /* ThisApp.swift in Sources */ = {isa = PBXBuildFile; fileRef = 8A2984862874855400A59454 /* ThisApp.swift */; };
		8A2984892874855400A59454 /* ContentView.swift in Sources */ = {isa = PBXBuildFile; fileRef = 8A2984882874855400A59454 /* ContentView.swift */; };
		8A29848B2874855500A59454 /* Assets.xcassets in Resources */ = {isa = PBXBuildFile; fileRef = 8A29848A2874855500A59454 /* Assets.xcassets */; };
		8A29848E2874855500A59454 /* Preview Assets.xcassets in Resources */ = {isa = PBXBuildFile; fileRef = 8A29848D2874855500A59454 /* Preview Assets.xcassets */; };
		8A2984902874855500A59454 /* Persistence.swift in Sources */ = {isa = PBXBuildFile; fileRef = 8A29848F2874855500A59454 /* Persistence.swift */; };
		8A2984932874855500A59454 /* This.xcdatamodeld in Sources */ = {isa = PBXBuildFile; fileRef = 8A2984912874855500A59454 /* This.xcdatamodeld */; };
		8A2984A82874A33800A59454 /* DependencyInjectionContainer.swift in Sources */ = {isa = PBXBuildFile; fileRef = 8A2984A72874A33800A59454 /* DependencyInjectionContainer.swift */; };
		8ADA21A52875E73300A4B370 /* DomainLayer in Frameworks */ = {isa = PBXBuildFile; productRef = 8ADA21A42875E73300A4B370 /* DomainLayer */; };
		8ADA21AA2875ED5700A4B370 /* ThisPresentationLayer in Frameworks */ = {isa = PBXBuildFile; productRef = 8ADA21A92875ED5700A4B370 /* ThisPresentationLayer */; };
/* End PBXBuildFile section */

/* Begin PBXFileReference section */
		8A0A3ED228787DA200BC7F51 /* ThisDataLayer */ = {isa = PBXFileReference; lastKnownFileType = wrapper; path = ThisDataLayer; sourceTree = "<group>"; };
		8A0A3ED328787DC300BC7F51 /* DomainLayer */ = {isa = PBXFileReference; lastKnownFileType = wrapper; path = DomainLayer; sourceTree = "<group>"; };
		8A2984832874855400A59454 /* This.app */ = {isa = PBXFileReference; explicitFileType = wrapper.application; includeInIndex = 0; path = This.app; sourceTree = BUILT_PRODUCTS_DIR; };
		8A2984862874855400A59454 /* ThisApp.swift */ = {isa = PBXFileReference; lastKnownFileType = sourcecode.swift; path = ThisApp.swift; sourceTree = "<group>"; };
		8A2984882874855400A59454 /* ContentView.swift */ = {isa = PBXFileReference; lastKnownFileType = sourcecode.swift; path = ContentView.swift; sourceTree = "<group>"; };
		8A29848A2874855500A59454 /* Assets.xcassets */ = {isa = PBXFileReference; lastKnownFileType = folder.assetcatalog; path = Assets.xcassets; sourceTree = "<group>"; };
		8A29848D2874855500A59454 /* Preview Assets.xcassets */ = {isa = PBXFileReference; lastKnownFileType = folder.assetcatalog; path = "Preview Assets.xcassets"; sourceTree = "<group>"; };
		8A29848F2874855500A59454 /* Persistence.swift */ = {isa = PBXFileReference; lastKnownFileType = sourcecode.swift; path = Persistence.swift; sourceTree = "<group>"; };
		8A2984922874855500A59454 /* This.xcdatamodel */ = {isa = PBXFileReference; lastKnownFileType = wrapper.xcdatamodel; path = This.xcdatamodel; sourceTree = "<group>"; };
		8A2984A72874A33800A59454 /* DependencyInjectionContainer.swift */ = {isa = PBXFileReference; lastKnownFileType = sourcecode.swift; path = DependencyInjectionContainer.swift; sourceTree = "<group>"; };
		8ADA21A82875ED4100A4B370 /* ThisPresentationLayer */ = {isa = PBXFileReference; lastKnownFileType = wrapper; path = ThisPresentationLayer; sourceTree = "<group>"; };
/* End PBXFileReference section */

/* Begin PBXFrameworksBuildPhase section */
		8A2984802874855400A59454 /* Frameworks */ = {
			isa = PBXFrameworksBuildPhase;
			buildActionMask = 2147483647;
			files = (
				8ADA21AA2875ED5700A4B370 /* ThisPresentationLayer in Frameworks */,
				8ADA21A52875E73300A4B370 /* DomainLayer in Frameworks */,
				8A0A3ED528787FAD00BC7F51 /* ThisDataLayer in Frameworks */,
			);
			runOnlyForDeploymentPostprocessing = 0;
		};
/* End PBXFrameworksBuildPhase section */

/* Begin PBXGroup section */
		8A29847A2874855400A59454 = {
			isa = PBXGroup;
			children = (
				8A2984852874855400A59454 /* This */,
				8A0A3ED228787DA200BC7F51 /* ThisDataLayer */,
				8A0A3ED328787DC300BC7F51 /* DomainLayer */,
				8ADA21A82875ED4100A4B370 /* ThisPresentationLayer */,
				8A2984842874855400A59454 /* Products */,
				8ADA21A32875E73300A4B370 /* Frameworks */,
			);
			sourceTree = "<group>";
		};
		8A2984842874855400A59454 /* Products */ = {
			isa = PBXGroup;
			children = (
				8A2984832874855400A59454 /* This.app */,
			);
			name = Products;
			sourceTree = "<group>";
		};
		8A2984852874855400A59454 /* This */ = {
			isa = PBXGroup;
			children = (
				8A2984862874855400A59454 /* ThisApp.swift */,
				8A2984882874855400A59454 /* ContentView.swift */,
				8A2984A62874A32D00A59454 /* App */,
				8A29848A2874855500A59454 /* Assets.xcassets */,
				8A29848F2874855500A59454 /* Persistence.swift */,
				8A2984912874855500A59454 /* This.xcdatamodeld */,
				8A29848C2874855500A59454 /* Preview Content */,
			);
			path = This;
			sourceTree = "<group>";
		};
		8A29848C2874855500A59454 /* Preview Content */ = {
			isa = PBXGroup;
			children = (
				8A29848D2874855500A59454 /* Preview Assets.xcassets */,
			);
			path = "Preview Content";
			sourceTree = "<group>";
		};
		8A2984A62874A32D00A59454 /* App */ = {
			isa = PBXGroup;
			children = (
				8A2984A72874A33800A59454 /* DependencyInjectionContainer.swift */,
			);
			path = App;
			sourceTree = "<group>";
		};
		8ADA21A32875E73300A4B370 /* Frameworks */ = {
			isa = PBXGroup;
			children = (
			);
			name = Frameworks;
			sourceTree = "<group>";
		};
/* End PBXGroup section */

/* Begin PBXNativeTarget section */
		8A2984822874855400A59454 /* This */ = {
			isa = PBXNativeTarget;
			buildConfigurationList = 8A2984962874855500A59454 /* Build configuration list for PBXNativeTarget "This" */;
			buildPhases = (
				8A29847F2874855400A59454 /* Sources */,
				8A2984802874855400A59454 /* Frameworks */,
				8A2984812874855400A59454 /* Resources */,
			);
			buildRules = (
			);
			dependencies = (
			);
			name = This;
			packageProductDependencies = (
				8ADA21A42875E73300A4B370 /* DomainLayer */,
				8ADA21A92875ED5700A4B370 /* ThisPresentationLayer */,
				8A0A3ED428787FAD00BC7F51 /* ThisDataLayer */,
			);
			productName = This;
			productReference = 8A2984832874855400A59454 /* This.app */;
			productType = "com.apple.product-type.application";
		};
/* End PBXNativeTarget section */

/* Begin PBXProject section */
		8A29847B2874855400A59454 /* Project object */ = {
			isa = PBXProject;
			attributes = {
				BuildIndependentTargetsInParallel = 1;
				LastSwiftUpdateCheck = 1400;
				LastUpgradeCheck = 1400;
				TargetAttributes = {
					8A2984822874855400A59454 = {
						CreatedOnToolsVersion = 14.0;
					};
				};
			};
			buildConfigurationList = 8A29847E2874855400A59454 /* Build configuration list for PBXProject "This" */;
			compatibilityVersion = "Xcode 14.0";
			developmentRegion = en;
			hasScannedForEncodings = 0;
			knownRegions = (
				en,
				Base,
			);
			mainGroup = 8A29847A2874855400A59454;
			productRefGroup = 8A2984842874855400A59454 /* Products */;
			projectDirPath = "";
			projectRoot = "";
			targets = (
				8A2984822874855400A59454 /* This */,
			);
		};
/* End PBXProject section */

/* Begin PBXResourcesBuildPhase section */
		8A2984812874855400A59454 /* Resources */ = {
			isa = PBXResourcesBuildPhase;
			buildActionMask = 2147483647;
			files = (
				8A29848E2874855500A59454 /* Preview Assets.xcassets in Resources */,
				8A29848B2874855500A59454 /* Assets.xcassets in Resources */,
			);
			runOnlyForDeploymentPostprocessing = 0;
		};
/* End PBXResourcesBuildPhase section */

/* Begin PBXSourcesBuildPhase section */
		8A29847F2874855400A59454 /* Sources */ = {
			isa = PBXSourcesBuildPhase;
			buildActionMask = 2147483647;
			files = (
				8A2984A82874A33800A59454 /* DependencyInjectionContainer.swift in Sources */,
				8A2984902874855500A59454 /* Persistence.swift in Sources */,
				8A2984932874855500A59454 /* This.xcdatamodeld in Sources */,
				8A2984892874855400A59454 /* ContentView.swift in Sources */,
				8A2984872874855400A59454 /* ThisApp.swift in Sources */,
			);
			runOnlyForDeploymentPostprocessing = 0;
		};
/* End PBXSourcesBuildPhase section */

/* Begin XCBuildConfiguration section */
		8A2984942874855500A59454 /* Debug */ = {
			isa = XCBuildConfiguration;
			buildSettings = {
				ALWAYS_SEARCH_USER_PATHS = NO;
				CLANG_ANALYZER_NONNULL = YES;
				CLANG_ANALYZER_NUMBER_OBJECT_CONVERSION = YES_AGGRESSIVE;
				CLANG_CXX_LANGUAGE_STANDARD = "gnu++17";
				CLANG_ENABLE_MODULES = YES;
				CLANG_ENABLE_OBJC_ARC = YES;
				CLANG_ENABLE_OBJC_WEAK = YES;
				CLANG_WARN_BLOCK_CAPTURE_AUTORELEASING = YES;
				CLANG_WARN_BOOL_CONVERSION = YES;
				CLANG_WARN_COMMA = YES;
				CLANG_WARN_CONSTANT_CONVERSION = YES;
				CLANG_WARN_DEPRECATED_OBJC_IMPLEMENTATIONS = YES;
				CLANG_WARN_DIRECT_OBJC_ISA_USAGE = YES_ERROR;
				CLANG_WARN_DOCUMENTATION_COMMENTS = YES;
				CLANG_WARN_EMPTY_BODY = YES;
				CLANG_WARN_ENUM_CONVERSION = YES;
				CLANG_WARN_INFINITE_RECURSION = YES;
				CLANG_WARN_INT_CONVERSION = YES;
				CLANG_WARN_NON_LITERAL_NULL_CONVERSION = YES;
				CLANG_WARN_OBJC_IMPLICIT_RETAIN_SELF = YES;
				CLANG_WARN_OBJC_LITERAL_CONVERSION = YES;
				CLANG_WARN_OBJC_ROOT_CLASS = YES_ERROR;
				CLANG_WARN_QUOTED_INCLUDE_IN_FRAMEWORK_HEADER = YES;
				CLANG_WARN_RANGE_LOOP_ANALYSIS = YES;
				CLANG_WARN_STRICT_PROTOTYPES = YES;
				CLANG_WARN_SUSPICIOUS_MOVE = YES;
				CLANG_WARN_UNGUARDED_AVAILABILITY = YES_AGGRESSIVE;
				CLANG_WARN_UNREACHABLE_CODE = YES;
				CLANG_WARN__DUPLICATE_METHOD_MATCH = YES;
				COPY_PHASE_STRIP = NO;
				DEBUG_INFORMATION_FORMAT = dwarf;
				ENABLE_STRICT_OBJC_MSGSEND = YES;
				ENABLE_TESTABILITY = YES;
				GCC_C_LANGUAGE_STANDARD = gnu11;
				GCC_DYNAMIC_NO_PIC = NO;
				GCC_NO_COMMON_BLOCKS = YES;
				GCC_OPTIMIZATION_LEVEL = 0;
				GCC_PREPROCESSOR_DEFINITIONS = (
					"DEBUG=1",
					"$(inherited)",
				);
				GCC_WARN_64_TO_32_BIT_CONVERSION = YES;
				GCC_WARN_ABOUT_RETURN_TYPE = YES_ERROR;
				GCC_WARN_UNDECLARED_SELECTOR = YES;
				GCC_WARN_UNINITIALIZED_AUTOS = YES_AGGRESSIVE;
				GCC_WARN_UNUSED_FUNCTION = YES;
				GCC_WARN_UNUSED_VARIABLE = YES;
				IPHONEOS_DEPLOYMENT_TARGET = 16.0;
				MTL_ENABLE_DEBUG_INFO = INCLUDE_SOURCE;
				MTL_FAST_MATH = YES;
				ONLY_ACTIVE_ARCH = YES;
				SDKROOT = iphoneos;
				SWIFT_ACTIVE_COMPILATION_CONDITIONS = DEBUG;
				SWIFT_OPTIMIZATION_LEVEL = "-Onone";
			};
			name = Debug;
		};
		8A2984952874855500A59454 /* Release */ = {
			isa = XCBuildConfiguration;
			buildSettings = {
				ALWAYS_SEARCH_USER_PATHS = NO;
				CLANG_ANALYZER_NONNULL = YES;
				CLANG_ANALYZER_NUMBER_OBJECT_CONVERSION = YES_AGGRESSIVE;
				CLANG_CXX_LANGUAGE_STANDARD = "gnu++17";
				CLANG_ENABLE_MODULES = YES;
				CLANG_ENABLE_OBJC_ARC = YES;
				CLANG_ENABLE_OBJC_WEAK = YES;
				CLANG_WARN_BLOCK_CAPTURE_AUTORELEASING = YES;
				CLANG_WARN_BOOL_CONVERSION = YES;
				CLANG_WARN_COMMA = YES;
				CLANG_WARN_CONSTANT_CONVERSION = YES;
				CLANG_WARN_DEPRECATED_OBJC_IMPLEMENTATIONS = YES;
				CLANG_WARN_DIRECT_OBJC_ISA_USAGE = YES_ERROR;
				CLANG_WARN_DOCUMENTATION_COMMENTS = YES;
				CLANG_WARN_EMPTY_BODY = YES;
				CLANG_WARN_ENUM_CONVERSION = YES;
				CLANG_WARN_INFINITE_RECURSION = YES;
				CLANG_WARN_INT_CONVERSION = YES;
				CLANG_WARN_NON_LITERAL_NULL_CONVERSION = YES;
				CLANG_WARN_OBJC_IMPLICIT_RETAIN_SELF = YES;
				CLANG_WARN_OBJC_LITERAL_CONVERSION = YES;
				CLANG_WARN_OBJC_ROOT_CLASS = YES_ERROR;
				CLANG_WARN_QUOTED_INCLUDE_IN_FRAMEWORK_HEADER = YES;
				CLANG_WARN_RANGE_LOOP_ANALYSIS = YES;
				CLANG_WARN_STRICT_PROTOTYPES = YES;
				CLANG_WARN_SUSPICIOUS_MOVE = YES;
				CLANG_WARN_UNGUARDED_AVAILABILITY = YES_AGGRESSIVE;
				CLANG_WARN_UNREACHABLE_CODE = YES;
				CLANG_WARN__DUPLICATE_METHOD_MATCH = YES;
				COPY_PHASE_STRIP = NO;
				DEBUG_INFORMATION_FORMAT = "dwarf-with-dsym";
				ENABLE_NS_ASSERTIONS = NO;
				ENABLE_STRICT_OBJC_MSGSEND = YES;
				GCC_C_LANGUAGE_STANDARD = gnu11;
				GCC_NO_COMMON_BLOCKS = YES;
				GCC_WARN_64_TO_32_BIT_CONVERSION = YES;
				GCC_WARN_ABOUT_RETURN_TYPE = YES_ERROR;
				GCC_WARN_UNDECLARED_SELECTOR = YES;
				GCC_WARN_UNINITIALIZED_AUTOS = YES_AGGRESSIVE;
				GCC_WARN_UNUSED_FUNCTION = YES;
				GCC_WARN_UNUSED_VARIABLE = YES;
				IPHONEOS_DEPLOYMENT_TARGET = 16.0;
				MTL_ENABLE_DEBUG_INFO = NO;
				MTL_FAST_MATH = YES;
				SDKROOT = iphoneos;
				SWIFT_COMPILATION_MODE = wholemodule;
				SWIFT_OPTIMIZATION_LEVEL = "-O";
				VALIDATE_PRODUCT = YES;
			};
			name = Release;
		};
		8A2984972874855500A59454 /* Debug */ = {
			isa = XCBuildConfiguration;
			buildSettings = {
				ASSETCATALOG_COMPILER_APPICON_NAME = AppIcon;
				ASSETCATALOG_COMPILER_GLOBAL_ACCENT_COLOR_NAME = AccentColor;
				CODE_SIGN_STYLE = Automatic;
				CURRENT_PROJECT_VERSION = 1;
				DEVELOPMENT_ASSET_PATHS = "\"This/Preview Content\"";
				DEVELOPMENT_TEAM = XJXA3BQDMJ;
				ENABLE_PREVIEWS = YES;
				GENERATE_INFOPLIST_FILE = YES;
				INFOPLIST_KEY_UIApplicationSceneManifest_Generation = YES;
				INFOPLIST_KEY_UIApplicationSupportsIndirectInputEvents = YES;
				INFOPLIST_KEY_UILaunchScreen_Generation = YES;
				INFOPLIST_KEY_UISupportedInterfaceOrientations_iPad = "UIInterfaceOrientationPortrait UIInterfaceOrientationPortraitUpsideDown UIInterfaceOrientationLandscapeLeft UIInterfaceOrientationLandscapeRight";
				INFOPLIST_KEY_UISupportedInterfaceOrientations_iPhone = "UIInterfaceOrientationPortrait UIInterfaceOrientationLandscapeLeft UIInterfaceOrientationLandscapeRight";
				LD_RUNPATH_SEARCH_PATHS = (
					"$(inherited)",
					"@executable_path/Frameworks",
				);
				MARKETING_VERSION = 1.0;
				PRODUCT_BUNDLE_IDENTIFIER = com.GookBob.This;
				PRODUCT_NAME = "$(TARGET_NAME)";
				SWIFT_EMIT_LOC_STRINGS = YES;
				SWIFT_VERSION = 5.0;
				TARGETED_DEVICE_FAMILY = "1,2";
			};
			name = Debug;
		};
		8A2984982874855500A59454 /* Release */ = {
			isa = XCBuildConfiguration;
			buildSettings = {
				ASSETCATALOG_COMPILER_APPICON_NAME = AppIcon;
				ASSETCATALOG_COMPILER_GLOBAL_ACCENT_COLOR_NAME = AccentColor;
				CODE_SIGN_STYLE = Automatic;
				CURRENT_PROJECT_VERSION = 1;
				DEVELOPMENT_ASSET_PATHS = "\"This/Preview Content\"";
				DEVELOPMENT_TEAM = XJXA3BQDMJ;
				ENABLE_PREVIEWS = YES;
				GENERATE_INFOPLIST_FILE = YES;
				INFOPLIST_KEY_UIApplicationSceneManifest_Generation = YES;
				INFOPLIST_KEY_UIApplicationSupportsIndirectInputEvents = YES;
				INFOPLIST_KEY_UILaunchScreen_Generation = YES;
				INFOPLIST_KEY_UISupportedInterfaceOrientations_iPad = "UIInterfaceOrientationPortrait UIInterfaceOrientationPortraitUpsideDown UIInterfaceOrientationLandscapeLeft UIInterfaceOrientationLandscapeRight";
				INFOPLIST_KEY_UISupportedInterfaceOrientations_iPhone = "UIInterfaceOrientationPortrait UIInterfaceOrientationLandscapeLeft UIInterfaceOrientationLandscapeRight";
				LD_RUNPATH_SEARCH_PATHS = (
					"$(inherited)",
					"@executable_path/Frameworks",
				);
				MARKETING_VERSION = 1.0;
				PRODUCT_BUNDLE_IDENTIFIER = com.GookBob.This;
				PRODUCT_NAME = "$(TARGET_NAME)";
				SWIFT_EMIT_LOC_STRINGS = YES;
				SWIFT_VERSION = 5.0;
				TARGETED_DEVICE_FAMILY = "1,2";
			};
			name = Release;
		};
/* End XCBuildConfiguration section */

/* Begin XCConfigurationList section */
		8A29847E2874855400A59454 /* Build configuration list for PBXProject "This" */ = {
			isa = XCConfigurationList;
			buildConfigurations = (
				8A2984942874855500A59454 /* Debug */,
				8A2984952874855500A59454 /* Release */,
			);
			defaultConfigurationIsVisible = 0;
			defaultConfigurationName = Release;
		};
		8A2984962874855500A59454 /* Build configuration list for PBXNativeTarget "This" */ = {
			isa = XCConfigurationList;
			buildConfigurations = (
				8A2984972874855500A59454 /* Debug */,
				8A2984982874855500A59454 /* Release */,
			);
			defaultConfigurationIsVisible = 0;
			defaultConfigurationName = Release;
		};
/* End XCConfigurationList section */

/* Begin XCSwiftPackageProductDependency section */
		8A0A3ED428787FAD00BC7F51 /* ThisDataLayer */ = {
			isa = XCSwiftPackageProductDependency;
			productName = ThisDataLayer;
		};
		8ADA21A42875E73300A4B370 /* DomainLayer */ = {
			isa = XCSwiftPackageProductDependency;
			productName = DomainLayer;
		};
		8ADA21A92875ED5700A4B370 /* ThisPresentationLayer */ = {
			isa = XCSwiftPackageProductDependency;
			productName = ThisPresentationLayer;
		};
/* End XCSwiftPackageProductDependency section */

/* Begin XCVersionGroup section */
		8A2984912874855500A59454 /* This.xcdatamodeld */ = {
			isa = XCVersionGroup;
			children = (
				8A2984922874855500A59454 /* This.xcdatamodel */,
			);
			currentVersion = 8A2984922874855500A59454 /* This.xcdatamodel */;
			path = This.xcdatamodeld;
			sourceTree = "<group>";
			versionGroupType = wrapper.xcdatamodel;
		};
/* End XCVersionGroup section */
	};
	rootObject = 8A29847B2874855400A59454 /* Project object */;
}
